
Microsoft Visual Studio Solution File, Format Version 12.00
# Visual Studio Version 17
VisualStudioVersion = 17.8.34330.188
MinimumVisualStudioVersion = 10.0.40219.1
Project("{FAE04EC0-301F-11D3-BF4B-00C04F79EFBC}") = "FirstGitHub", "FirstGitHub.csproj", "{ACD3B888-F3E9-4BA0-BDA7-33EFE233E007}"
EndProject
Global
	GlobalSection(SolutionConfigurationPlatforms) = preSolution
		Debug|Any CPU = Debug|Any CPU
		Release|Any CPU = Release|Any CPU
	EndGlobalSection
	GlobalSection(ProjectConfigurationPlatforms) = postSolution
		{ACD3B888-F3E9-4BA0-BDA7-33EFE233E007}.Debug|Any CPU.ActiveCfg = Debug|Any CPU
		{ACD3B888-F3E9-4BA0-BDA7-33EFE233E007}.Debug|Any CPU.Build.0 = Debug|Any CPU
		{ACD3B888-F3E9-4BA0-BDA7-33EFE233E007}.Release|Any CPU.ActiveCfg = Release|Any CPU
		{ACD3B888-F3E9-4BA0-BDA7-33EFE233E007}.Release|Any CPU.Build.0 = Release|Any CPU
	EndGlobalSection
	GlobalSection(SolutionProperties) = preSolution
		HideSolutionNode = FALSE
	EndGlobalSection
	GlobalSection(ExtensibilityGlobals) = postSolution
		SolutionGuid = {0EF90FA2-88F0-46E2-B004-06D2C81CA2DA}
	EndGlobalSection
EndGlobal
